<?xml version="1.0" encoding="utf-8"?>
<Project ToolsVersion="15.0" xmlns="http://schemas.microsoft.com/developer/msbuild/2003">
  <ItemGroup>
    <CustomBuild Include="C:\Users\12345\source\repos\WalkSimulator\Binaries\CMakeFiles\2a9957a22de01229b9d315c7db2a68ef\INSTALL_force.rule">
      <Filter>CMake Rules</Filter>
    </CustomBuild>
  </ItemGroup>
  <ItemGroup>
    <Filter Include="CMake Rules">
      <UniqueIdentifier>{FED92076-CB62-31E2-9920-CBB969FA30CA}</UniqueIdentifier>
    </Filter>
  </ItemGroup>
</Project>
